
Microsoft Visual Studio Solution File, Format Version 12.00
# Visual Studio Version 17
VisualStudioVersion = 17.5.33516.290
MinimumVisualStudioVersion = 10.0.40219.1
Project("{FAE04EC0-301F-11D3-BF4B-00C04F79EFBC}") = "ProgradWeek2-Assesment", "ProgradWeek2-Assesment\ProgradWeek2-Assesment.csproj", "{93ACD8EF-8AEA-4163-9027-12F38C844A1A}"
EndProject
Global
	GlobalSection(SolutionConfigurationPlatforms) = preSolution
		Debug|Any CPU = Debug|Any CPU
		Release|Any CPU = Release|Any CPU
	EndGlobalSection
	GlobalSection(ProjectConfigurationPlatforms) = postSolution
		{93ACD8EF-8AEA-4163-9027-12F38C844A1A}.Debug|Any CPU.ActiveCfg = Debug|Any CPU
		{93ACD8EF-8AEA-4163-9027-12F38C844A1A}.Debug|Any CPU.Build.0 = Debug|Any CPU
		{93ACD8EF-8AEA-4163-9027-12F38C844A1A}.Release|Any CPU.ActiveCfg = Release|Any CPU
		{93ACD8EF-8AEA-4163-9027-12F38C844A1A}.Release|Any CPU.Build.0 = Release|Any CPU
	EndGlobalSection
	GlobalSection(SolutionProperties) = preSolution
		HideSolutionNode = FALSE
	EndGlobalSection
	GlobalSection(ExtensibilityGlobals) = postSolution
		SolutionGuid = {9EFC995A-885F-4829-9677-64CD831CE2C8}
	EndGlobalSection
EndGlobal
